
Microsoft Visual Studio Solution File, Format Version 12.00
# Visual Studio Version 17
VisualStudioVersion = 17.10.34916.146
MinimumVisualStudioVersion = 10.0.40219.1
Project("{FAE04EC0-301F-11D3-BF4B-00C04F79EFBC}") = "RestaurantOrderSystem", "RestaurantOrderSystem\RestaurantOrderSystem.csproj", "{A1620F8C-036D-4A37-9712-B6249EA2908A}"
EndProject
Global
	GlobalSection(SolutionConfigurationPlatforms) = preSolution
		Debug|Any CPU = Debug|Any CPU
		Release|Any CPU = Release|Any CPU
	EndGlobalSection
	GlobalSection(ProjectConfigurationPlatforms) = postSolution
		{A1620F8C-036D-4A37-9712-B6249EA2908A}.Debug|Any CPU.ActiveCfg = Debug|Any CPU
		{A1620F8C-036D-4A37-9712-B6249EA2908A}.Debug|Any CPU.Build.0 = Debug|Any CPU
		{A1620F8C-036D-4A37-9712-B6249EA2908A}.Release|Any CPU.ActiveCfg = Release|Any CPU
		{A1620F8C-036D-4A37-9712-B6249EA2908A}.Release|Any CPU.Build.0 = Release|Any CPU
	EndGlobalSection
	GlobalSection(SolutionProperties) = preSolution
		HideSolutionNode = FALSE
	EndGlobalSection
	GlobalSection(ExtensibilityGlobals) = postSolution
		SolutionGuid = {7E16E793-F9B7-4997-B8B6-FBE919E03334}
	EndGlobalSection
EndGlobal
